
Microsoft Visual Studio Solution File, Format Version 12.00
Project("{FAE04EC0-301F-11D3-BF4B-00C04F79EFBC}") = "Rehlert.RoP", "Rehlert.RoP\Rehlert.RoP.csproj", "{C043B9E4-712D-4710-972E-1D89A31A9E2D}"
EndProject
Global
	GlobalSection(SolutionConfigurationPlatforms) = preSolution
		Debug|Any CPU = Debug|Any CPU
		Release|Any CPU = Release|Any CPU
	EndGlobalSection
	GlobalSection(ProjectConfigurationPlatforms) = postSolution
		{C043B9E4-712D-4710-972E-1D89A31A9E2D}.Debug|Any CPU.ActiveCfg = Debug|Any CPU
		{C043B9E4-712D-4710-972E-1D89A31A9E2D}.Debug|Any CPU.Build.0 = Debug|Any CPU
		{C043B9E4-712D-4710-972E-1D89A31A9E2D}.Release|Any CPU.ActiveCfg = Release|Any CPU
		{C043B9E4-712D-4710-972E-1D89A31A9E2D}.Release|Any CPU.Build.0 = Release|Any CPU
	EndGlobalSection
EndGlobal
